dependencies:
  '@assemblyscript/loader': 0.18.19
  cross-fetch: 3.0.6
  ws: 7.4.4
devDependencies:
  assemblyscript: 0.18.19
lockfileVersion: 5.2
packages:
  /@assemblyscript/loader/0.18.19:
    dev: false
    resolution:
      integrity: sha512-ygxvfEvg2w1UZAQ06jUSNazuQV0S9IexylMmAn8363EwdlBTta2rN/aUL7dcBb8ZcBObxWB8oRrwWtfsZUSrpw==
  /assemblyscript/0.18.19:
    dependencies:
      binaryen: 100.0.0
      long: 4.0.0
    dev: true
    hasBin: true
    resolution:
      integrity: sha512-M6AhbtlyA5luoKn+BBOADDCD1PLJ3sfCx9Hc6IlpPGOyuTlIxkQzmRNcJy9lYtdyLeEKTGmnw7PlUaM8J2fF5g==
  /binaryen/100.0.0:
    dev: true
    hasBin: true
    resolution:
      integrity: sha512-nxOt8d8/VXAuSVEtAWUdKrqpqCy365QqD223EzzB1GzS5himiZAfM/R5lXx+M/5q8TB8cYp3tYxv5rTjNTJveQ==
  /cross-fetch/3.0.6:
    dependencies:
      node-fetch: 2.6.1
    dev: false
    resolution:
      integrity: sha512-KBPUbqgFjzWlVcURG+Svp9TlhA5uliYtiNx/0r8nv0pdypeQCRJ9IaSIc3q/x3q8t3F75cHuwxVql1HFGHCNJQ==
  /long/4.0.0:
    dev: true
    resolution:
      integrity: sha512-XsP+KhQif4bjX1kbuSiySJFNAehNxgLb6hPRGJ9QsUr8ajHkuXGdrHmFUTUUXhDwVX2R5bY4JNZEwbUiMhV+MA==
  /node-fetch/2.6.1:
    dev: false
    engines:
      node: 4.x || >=6.0.0
    resolution:
      integrity: sha512-V4aYg89jEoVRxRb2fJdAg8FHvI7cEyYdVAh94HH0UIK8oJxUfkjlDQN9RbMx+bEjP7+ggMiFRprSti032Oipxw==
  /ws/7.4.4:
    dev: false
    engines:
      node: '>=8.3.0'
    peerDependencies:
      bufferutil: ^4.0.1
      utf-8-validate: ^5.0.2
    peerDependenciesMeta:
      bufferutil:
        optional: true
      utf-8-validate:
        optional: true
    resolution:
      integrity: sha512-Qm8k8ojNQIMx7S+Zp8u/uHOx7Qazv3Yv4q68MiWWWOJhiwG5W3x7iqmRtJo8xxrciZUY4vRxUTJCKuRnF28ZZw==
specifiers:
  '@assemblyscript/loader': 0.18.19
  assemblyscript: 0.18.19
  cross-fetch: ^3.0.6
  ws: ^7.4.4
